
Microsoft Visual Studio Solution File, Format Version 12.00
# Visual Studio Version 16
VisualStudioVersion = 16.0.32126.315
MinimumVisualStudioVersion = 10.0.40219.1
Project("{FAE04EC0-301F-11D3-BF4B-00C04F79EFBC}") = "HW.01.Casting", "HW.01.Casting.csproj", "{612263A8-46D4-4DDB-A76F-FC4308BE0F6E}"
EndProject
Global
	GlobalSection(SolutionConfigurationPlatforms) = preSolution
		Debug|Any CPU = Debug|Any CPU
		Release|Any CPU = Release|Any CPU
	EndGlobalSection
	GlobalSection(ProjectConfigurationPlatforms) = postSolution
		{612263A8-46D4-4DDB-A76F-FC4308BE0F6E}.Debug|Any CPU.ActiveCfg = Debug|Any CPU
		{612263A8-46D4-4DDB-A76F-FC4308BE0F6E}.Debug|Any CPU.Build.0 = Debug|Any CPU
		{612263A8-46D4-4DDB-A76F-FC4308BE0F6E}.Release|Any CPU.ActiveCfg = Release|Any CPU
		{612263A8-46D4-4DDB-A76F-FC4308BE0F6E}.Release|Any CPU.Build.0 = Release|Any CPU
	EndGlobalSection
	GlobalSection(SolutionProperties) = preSolution
		HideSolutionNode = FALSE
	EndGlobalSection
	GlobalSection(ExtensibilityGlobals) = postSolution
		SolutionGuid = {1B1F7B90-0D8A-4726-A0CA-CCC68F5CD35F}
	EndGlobalSection
EndGlobal
