
Microsoft Visual Studio Solution File, Format Version 12.00
# Visual Studio Version 16
VisualStudioVersion = 16.0.32126.315
MinimumVisualStudioVersion = 10.0.40219.1
Project("{FAE04EC0-301F-11D3-BF4B-00C04F79EFBC}") = "HW.06.Task1", "HW.06.Task1\HW.06.Task1.csproj", "{BD98A8C1-629E-4852-80F8-0C660BEE92E6}"
EndProject
Project("{FAE04EC0-301F-11D3-BF4B-00C04F79EFBC}") = "HW.06.Task2", "HW.06.Task2\HW.06.Task2.csproj", "{D5ED7801-0A38-44B1-B068-E3DEADCB8A48}"
EndProject
Project("{FAE04EC0-301F-11D3-BF4B-00C04F79EFBC}") = "HW.06.Task3", "HW.06.Task3\HW.06.Task3.csproj", "{E6BD3A4E-9414-468F-A032-B61DCEC9F4A4}"
EndProject
Project("{FAE04EC0-301F-11D3-BF4B-00C04F79EFBC}") = "HW.06.Task3.Optional", "HW.06.Task3.Optional\HW.06.Task3.Optional.csproj", "{2DAE07BF-E039-4DA0-8D5A-07AED0504D62}"
EndProject
Project("{FAE04EC0-301F-11D3-BF4B-00C04F79EFBC}") = "HW.06.Task4", "HW.06.Task4\HW.06.Task4.csproj", "{63828EB0-ED2D-40A0-827E-82C5335FAA44}"
EndProject
Global
	GlobalSection(SolutionConfigurationPlatforms) = preSolution
		Debug|Any CPU = Debug|Any CPU
		Release|Any CPU = Release|Any CPU
	EndGlobalSection
	GlobalSection(ProjectConfigurationPlatforms) = postSolution
		{BD98A8C1-629E-4852-80F8-0C660BEE92E6}.Debug|Any CPU.ActiveCfg = Debug|Any CPU
		{BD98A8C1-629E-4852-80F8-0C660BEE92E6}.Debug|Any CPU.Build.0 = Debug|Any CPU
		{BD98A8C1-629E-4852-80F8-0C660BEE92E6}.Release|Any CPU.ActiveCfg = Release|Any CPU
		{BD98A8C1-629E-4852-80F8-0C660BEE92E6}.Release|Any CPU.Build.0 = Release|Any CPU
		{D5ED7801-0A38-44B1-B068-E3DEADCB8A48}.Debug|Any CPU.ActiveCfg = Debug|Any CPU
		{D5ED7801-0A38-44B1-B068-E3DEADCB8A48}.Debug|Any CPU.Build.0 = Debug|Any CPU
		{D5ED7801-0A38-44B1-B068-E3DEADCB8A48}.Release|Any CPU.ActiveCfg = Release|Any CPU
		{D5ED7801-0A38-44B1-B068-E3DEADCB8A48}.Release|Any CPU.Build.0 = Release|Any CPU
		{E6BD3A4E-9414-468F-A032-B61DCEC9F4A4}.Debug|Any CPU.ActiveCfg = Debug|Any CPU
		{E6BD3A4E-9414-468F-A032-B61DCEC9F4A4}.Debug|Any CPU.Build.0 = Debug|Any CPU
		{E6BD3A4E-9414-468F-A032-B61DCEC9F4A4}.Release|Any CPU.ActiveCfg = Release|Any CPU
		{E6BD3A4E-9414-468F-A032-B61DCEC9F4A4}.Release|Any CPU.Build.0 = Release|Any CPU
		{2DAE07BF-E039-4DA0-8D5A-07AED0504D62}.Debug|Any CPU.ActiveCfg = Debug|Any CPU
		{2DAE07BF-E039-4DA0-8D5A-07AED0504D62}.Debug|Any CPU.Build.0 = Debug|Any CPU
		{2DAE07BF-E039-4DA0-8D5A-07AED0504D62}.Release|Any CPU.ActiveCfg = Release|Any CPU
		{2DAE07BF-E039-4DA0-8D5A-07AED0504D62}.Release|Any CPU.Build.0 = Release|Any CPU
		{63828EB0-ED2D-40A0-827E-82C5335FAA44}.Debug|Any CPU.ActiveCfg = Debug|Any CPU
		{63828EB0-ED2D-40A0-827E-82C5335FAA44}.Debug|Any CPU.Build.0 = Debug|Any CPU
		{63828EB0-ED2D-40A0-827E-82C5335FAA44}.Release|Any CPU.ActiveCfg = Release|Any CPU
		{63828EB0-ED2D-40A0-827E-82C5335FAA44}.Release|Any CPU.Build.0 = Release|Any CPU
	EndGlobalSection
	GlobalSection(SolutionProperties) = preSolution
		HideSolutionNode = FALSE
	EndGlobalSection
	GlobalSection(ExtensibilityGlobals) = postSolution
		SolutionGuid = {448F376A-0270-4527-A465-65D35B2BD46D}
	EndGlobalSection
EndGlobal
