
Microsoft Visual Studio Solution File, Format Version 12.00
# Visual Studio Version 16
VisualStudioVersion = 16.0.32126.315
MinimumVisualStudioVersion = 10.0.40219.1
Project("{FAE04EC0-301F-11D3-BF4B-00C04F79EFBC}") = "ConsoleApp1", "ConsoleApp1\ConsoleApp1.csproj", "{E88F0530-EC0F-4D0F-9E8A-322ED40A4B8B}"
EndProject
Global
	GlobalSection(SolutionConfigurationPlatforms) = preSolution
		Debug|Any CPU = Debug|Any CPU
		Release|Any CPU = Release|Any CPU
	EndGlobalSection
	GlobalSection(ProjectConfigurationPlatforms) = postSolution
		{E88F0530-EC0F-4D0F-9E8A-322ED40A4B8B}.Debug|Any CPU.ActiveCfg = Debug|Any CPU
		{E88F0530-EC0F-4D0F-9E8A-322ED40A4B8B}.Debug|Any CPU.Build.0 = Debug|Any CPU
		{E88F0530-EC0F-4D0F-9E8A-322ED40A4B8B}.Release|Any CPU.ActiveCfg = Release|Any CPU
		{E88F0530-EC0F-4D0F-9E8A-322ED40A4B8B}.Release|Any CPU.Build.0 = Release|Any CPU
	EndGlobalSection
	GlobalSection(SolutionProperties) = preSolution
		HideSolutionNode = FALSE
	EndGlobalSection
	GlobalSection(ExtensibilityGlobals) = postSolution
		SolutionGuid = {EF7877BE-A998-4A15-94B8-136904A6D671}
	EndGlobalSection
EndGlobal
