
Microsoft Visual Studio Solution File, Format Version 12.00
# Visual Studio Version 16
VisualStudioVersion = 16.0.32126.315
MinimumVisualStudioVersion = 10.0.40219.1
Project("{9A19103F-16F7-4668-BE54-9A1E7A4F7556}") = "HW.01.Casting", "HW.01.Casting\HW.01.Casting.csproj", "{2BBB0A58-3D28-4421-B5A7-3153B6A6C1B6}"
EndProject
Project("{9A19103F-16F7-4668-BE54-9A1E7A4F7556}") = "HW.02.Types", "HW.02.Types\HW.02.Types.csproj", "{AC1A9908-FF36-4362-B3DA-9F0890744E98}"
EndProject
Project("{9A19103F-16F7-4668-BE54-9A1E7A4F7556}") = "HW.03.Image", "HW.03.Image\HW.03.Image.csproj", "{0BAB9953-8E9E-4284-8154-6321587F90CF}"
EndProject
Project("{9A19103F-16F7-4668-BE54-9A1E7A4F7556}") = "HW.05.Quadratic.Formula", "HW.05.Quadratic.Formula\HW.05.Quadratic.Formula.csproj", "{65AE537E-267B-4B71-AA74-4EC4E9824BB3}"
EndProject
Project("{FAE04EC0-301F-11D3-BF4B-00C04F79EFBC}") = "ConsoleApp1", "ConsoleApp1\ConsoleApp1.csproj", "{3A648E05-0072-4430-80C0-5EDB9BA4D891}"
EndProject
Global
	GlobalSection(SolutionConfigurationPlatforms) = preSolution
		Debug|Any CPU = Debug|Any CPU
		Release|Any CPU = Release|Any CPU
	EndGlobalSection
	GlobalSection(ProjectConfigurationPlatforms) = postSolution
		{2BBB0A58-3D28-4421-B5A7-3153B6A6C1B6}.Debug|Any CPU.ActiveCfg = Debug|Any CPU
		{2BBB0A58-3D28-4421-B5A7-3153B6A6C1B6}.Debug|Any CPU.Build.0 = Debug|Any CPU
		{2BBB0A58-3D28-4421-B5A7-3153B6A6C1B6}.Release|Any CPU.ActiveCfg = Release|Any CPU
		{2BBB0A58-3D28-4421-B5A7-3153B6A6C1B6}.Release|Any CPU.Build.0 = Release|Any CPU
		{AC1A9908-FF36-4362-B3DA-9F0890744E98}.Debug|Any CPU.ActiveCfg = Debug|Any CPU
		{AC1A9908-FF36-4362-B3DA-9F0890744E98}.Debug|Any CPU.Build.0 = Debug|Any CPU
		{AC1A9908-FF36-4362-B3DA-9F0890744E98}.Release|Any CPU.ActiveCfg = Release|Any CPU
		{AC1A9908-FF36-4362-B3DA-9F0890744E98}.Release|Any CPU.Build.0 = Release|Any CPU
		{0BAB9953-8E9E-4284-8154-6321587F90CF}.Debug|Any CPU.ActiveCfg = Debug|Any CPU
		{0BAB9953-8E9E-4284-8154-6321587F90CF}.Debug|Any CPU.Build.0 = Debug|Any CPU
		{0BAB9953-8E9E-4284-8154-6321587F90CF}.Release|Any CPU.ActiveCfg = Release|Any CPU
		{0BAB9953-8E9E-4284-8154-6321587F90CF}.Release|Any CPU.Build.0 = Release|Any CPU
		{65AE537E-267B-4B71-AA74-4EC4E9824BB3}.Debug|Any CPU.ActiveCfg = Debug|Any CPU
		{65AE537E-267B-4B71-AA74-4EC4E9824BB3}.Debug|Any CPU.Build.0 = Debug|Any CPU
		{65AE537E-267B-4B71-AA74-4EC4E9824BB3}.Release|Any CPU.ActiveCfg = Release|Any CPU
		{65AE537E-267B-4B71-AA74-4EC4E9824BB3}.Release|Any CPU.Build.0 = Release|Any CPU
		{3A648E05-0072-4430-80C0-5EDB9BA4D891}.Debug|Any CPU.ActiveCfg = Debug|Any CPU
		{3A648E05-0072-4430-80C0-5EDB9BA4D891}.Debug|Any CPU.Build.0 = Debug|Any CPU
		{3A648E05-0072-4430-80C0-5EDB9BA4D891}.Release|Any CPU.ActiveCfg = Release|Any CPU
		{3A648E05-0072-4430-80C0-5EDB9BA4D891}.Release|Any CPU.Build.0 = Release|Any CPU
	EndGlobalSection
	GlobalSection(SolutionProperties) = preSolution
		HideSolutionNode = FALSE
	EndGlobalSection
	GlobalSection(ExtensibilityGlobals) = postSolution
		SolutionGuid = {75339289-E51F-4661-B7FF-568D3C8059A5}
	EndGlobalSection
EndGlobal
